
Microsoft Visual Studio Solution File, Format Version 12.00
Project("{2150E333-8FDC-42A3-9474-1A3956D46DE8}") = "MessageBroker", "MessageBroker", "{B8C3F2A1-9D4E-4F5A-8B7C-1E2F3A4B5C6D}"
EndProject
Project("{FAE04EC0-301F-11D3-BF4B-00C04F79EFBC}") = "MessageBroker", "MessageBroker\src\MessageBroker.csproj", "{070B9191-EAD3-4986-B9E4-805902DE0897}"
EndProject
Project("{2150E333-8FDC-42A3-9474-1A3956D46DE8}") = "Solution Items", "Solution Items", "{DFCEE793-ABCB-42C4-B0A7-E07C4A2C576E}"
	ProjectSection(SolutionItems) = preProject
		compose.yaml = compose.yaml
	EndProjectSection
EndProject
Project("{FAE04EC0-301F-11D3-BF4B-00C04F79EFBC}") = "Publisher", "Publisher\Publisher.csproj", "{AEE37EF4-2D5D-4EAC-B7CB-ED42CE4D150D}"
EndProject
Project("{FAE04EC0-301F-11D3-BF4B-00C04F79EFBC}") = "Subscriber", "Subscriber\Subscriber.csproj", "{DBC97FC5-7B40-44EC-82B6-2ECE12DAF0CA}"
EndProject
Project("{FAE04EC0-301F-11D3-BF4B-00C04F79EFBC}") = "API", "API\API.csproj", "{1FBEE332-6ECD-49A0-8ABA-030404E91450}"
EndProject
Project("{2150E333-8FDC-42A3-9474-1A3956D46DE8}") = "test", "test", "{C9D4E3B2-A0F5-4E6B-9C8D-2F1A3B4C5D6E}"
EndProject
Project("{FAE04EC0-301F-11D3-BF4B-00C04F79EFBC}") = "MessageBroker.UnitTests", "MessageBroker\test\MessageBroker.UnitTests\MessageBroker.UnitTests.csproj", "{8595415D-AC25-4DA9-9B1E-A6A9CD9203F4}"
EndProject
Project("{FAE04EC0-301F-11D3-BF4B-00C04F79EFBC}") = "MessageBroker.IntegrationTests", "MessageBroker\test\MessageBroker.IntegrationTests\MessageBroker.IntegrationTests.csproj", "{CC09189F-84BC-414E-B37E-1A2419DA9EE6}"
EndProject
Project("{FAE04EC0-301F-11D3-BF4B-00C04F79EFBC}") = "SchemaRegistry", "SchemaRegistry\src\SchemaRegistry.csproj", "{638BB7AF-FD87-4257-8148-E9CE1AF731EE}"
EndProject
Project("{2150E333-8FDC-42A3-9474-1A3956D46DE8}") = "SchemaRegistry", "SchemaRegistry", "{A6DA27A7-D0E4-2C50-3B54-78679F91F2C9}"
EndProject
Project("{2150E333-8FDC-42A3-9474-1A3956D46DE8}") = "test", "test", "{3AA99238-0760-F80A-080F-FCC9C2282351}"
EndProject
Project("{FAE04EC0-301F-11D3-BF4B-00C04F79EFBC}") = "SchemaRegistry.Tests", "SchemaRegistry\test\SchemaRegistry.Tests\SchemaRegistry.Tests.csproj", "{BE692FC7-A0D5-475E-93E6-CEAEFCEA01D6}"
EndProject
Project("{2150E333-8FDC-42A3-9474-1A3956D46DE8}") = "src", "src", "{EE603821-5B9B-8DA1-C2B1-456B412E1293}"
EndProject
Project("{2150E333-8FDC-42A3-9474-1A3956D46DE8}") = "src", "src", "{F1E2D3C4-B5A6-7C8D-9E0F-1A2B3C4D5E6F}"
EndProject
Project("{FAE04EC0-301F-11D3-BF4B-00C04F79EFBC}") = "PubSubDemo", "PubSubDemo\PubSubDemo.csproj", "{FB84B6D4-244F-44E3-A455-D2FF3BD70541}"
EndProject
Project("{FAE04EC0-301F-11D3-BF4B-00C04F79EFBC}") = "LoggerLib", "LoggerLib\LoggerLib.csproj", "{453A92D0-C292-4052-B223-03527230636B}"
EndProject
Project("{FAE04EC0-301F-11D3-BF4B-00C04F79EFBC}") = "FrontendForLoggerTest", "FrontendForLoggerTest\FrontendForLoggerTest.csproj", "{78DCF74F-0013-4FB5-973D-D365245BCC3D}"
EndProject
Project("{FAE04EC0-301F-11D3-BF4B-00C04F79EFBC}") = "Shared", "Shared\Shared.csproj", "{3198E5DC-F753-4B3A-9F23-3C5C3DE9EA6B}"
EndProject
Project("{FAE04EC0-301F-11D3-BF4B-00C04F79EFBC}") = "BddE2eTests", "BddE2eTests\BddE2eTests.csproj", "{821566EA-A293-42E0-A090-D17697E22534}"
EndProject
Global
	GlobalSection(SolutionConfigurationPlatforms) = preSolution
		Debug|Any CPU = Debug|Any CPU
		Debug|x64 = Debug|x64
		Debug|x86 = Debug|x86
		Release|Any CPU = Release|Any CPU
		Release|x64 = Release|x64
		Release|x86 = Release|x86
	EndGlobalSection
	GlobalSection(ProjectConfigurationPlatforms) = postSolution
		{070B9191-EAD3-4986-B9E4-805902DE0897}.Debug|Any CPU.ActiveCfg = Debug|Any CPU
		{070B9191-EAD3-4986-B9E4-805902DE0897}.Debug|Any CPU.Build.0 = Debug|Any CPU
		{070B9191-EAD3-4986-B9E4-805902DE0897}.Debug|x64.ActiveCfg = Debug|Any CPU
		{070B9191-EAD3-4986-B9E4-805902DE0897}.Debug|x64.Build.0 = Debug|Any CPU
		{070B9191-EAD3-4986-B9E4-805902DE0897}.Debug|x86.ActiveCfg = Debug|Any CPU
		{070B9191-EAD3-4986-B9E4-805902DE0897}.Debug|x86.Build.0 = Debug|Any CPU
		{070B9191-EAD3-4986-B9E4-805902DE0897}.Release|Any CPU.ActiveCfg = Release|Any CPU
		{070B9191-EAD3-4986-B9E4-805902DE0897}.Release|Any CPU.Build.0 = Release|Any CPU
		{070B9191-EAD3-4986-B9E4-805902DE0897}.Release|x64.ActiveCfg = Release|Any CPU
		{070B9191-EAD3-4986-B9E4-805902DE0897}.Release|x64.Build.0 = Release|Any CPU
		{070B9191-EAD3-4986-B9E4-805902DE0897}.Release|x86.ActiveCfg = Release|Any CPU
		{070B9191-EAD3-4986-B9E4-805902DE0897}.Release|x86.Build.0 = Release|Any CPU
		{AEE37EF4-2D5D-4EAC-B7CB-ED42CE4D150D}.Debug|Any CPU.ActiveCfg = Debug|Any CPU
		{AEE37EF4-2D5D-4EAC-B7CB-ED42CE4D150D}.Debug|Any CPU.Build.0 = Debug|Any CPU
		{AEE37EF4-2D5D-4EAC-B7CB-ED42CE4D150D}.Debug|x64.ActiveCfg = Debug|Any CPU
		{AEE37EF4-2D5D-4EAC-B7CB-ED42CE4D150D}.Debug|x64.Build.0 = Debug|Any CPU
		{AEE37EF4-2D5D-4EAC-B7CB-ED42CE4D150D}.Debug|x86.ActiveCfg = Debug|Any CPU
		{AEE37EF4-2D5D-4EAC-B7CB-ED42CE4D150D}.Debug|x86.Build.0 = Debug|Any CPU
		{AEE37EF4-2D5D-4EAC-B7CB-ED42CE4D150D}.Release|Any CPU.ActiveCfg = Release|Any CPU
		{AEE37EF4-2D5D-4EAC-B7CB-ED42CE4D150D}.Release|Any CPU.Build.0 = Release|Any CPU
		{AEE37EF4-2D5D-4EAC-B7CB-ED42CE4D150D}.Release|x64.ActiveCfg = Release|Any CPU
		{AEE37EF4-2D5D-4EAC-B7CB-ED42CE4D150D}.Release|x64.Build.0 = Release|Any CPU
		{AEE37EF4-2D5D-4EAC-B7CB-ED42CE4D150D}.Release|x86.ActiveCfg = Release|Any CPU
		{AEE37EF4-2D5D-4EAC-B7CB-ED42CE4D150D}.Release|x86.Build.0 = Release|Any CPU
		{DBC97FC5-7B40-44EC-82B6-2ECE12DAF0CA}.Debug|Any CPU.ActiveCfg = Debug|Any CPU
		{DBC97FC5-7B40-44EC-82B6-2ECE12DAF0CA}.Debug|Any CPU.Build.0 = Debug|Any CPU
		{DBC97FC5-7B40-44EC-82B6-2ECE12DAF0CA}.Debug|x64.ActiveCfg = Debug|Any CPU
		{DBC97FC5-7B40-44EC-82B6-2ECE12DAF0CA}.Debug|x64.Build.0 = Debug|Any CPU
		{DBC97FC5-7B40-44EC-82B6-2ECE12DAF0CA}.Debug|x86.ActiveCfg = Debug|Any CPU
		{DBC97FC5-7B40-44EC-82B6-2ECE12DAF0CA}.Debug|x86.Build.0 = Debug|Any CPU
		{DBC97FC5-7B40-44EC-82B6-2ECE12DAF0CA}.Release|Any CPU.ActiveCfg = Release|Any CPU
		{DBC97FC5-7B40-44EC-82B6-2ECE12DAF0CA}.Release|Any CPU.Build.0 = Release|Any CPU
		{DBC97FC5-7B40-44EC-82B6-2ECE12DAF0CA}.Release|x64.ActiveCfg = Release|Any CPU
		{DBC97FC5-7B40-44EC-82B6-2ECE12DAF0CA}.Release|x64.Build.0 = Release|Any CPU
		{DBC97FC5-7B40-44EC-82B6-2ECE12DAF0CA}.Release|x86.ActiveCfg = Release|Any CPU
		{DBC97FC5-7B40-44EC-82B6-2ECE12DAF0CA}.Release|x86.Build.0 = Release|Any CPU
		{1FBEE332-6ECD-49A0-8ABA-030404E91450}.Debug|Any CPU.ActiveCfg = Debug|Any CPU
		{1FBEE332-6ECD-49A0-8ABA-030404E91450}.Debug|Any CPU.Build.0 = Debug|Any CPU
		{1FBEE332-6ECD-49A0-8ABA-030404E91450}.Debug|x64.ActiveCfg = Debug|Any CPU
		{1FBEE332-6ECD-49A0-8ABA-030404E91450}.Debug|x64.Build.0 = Debug|Any CPU
		{1FBEE332-6ECD-49A0-8ABA-030404E91450}.Debug|x86.ActiveCfg = Debug|Any CPU
		{1FBEE332-6ECD-49A0-8ABA-030404E91450}.Debug|x86.Build.0 = Debug|Any CPU
		{1FBEE332-6ECD-49A0-8ABA-030404E91450}.Release|Any CPU.ActiveCfg = Release|Any CPU
		{1FBEE332-6ECD-49A0-8ABA-030404E91450}.Release|Any CPU.Build.0 = Release|Any CPU
		{1FBEE332-6ECD-49A0-8ABA-030404E91450}.Release|x64.ActiveCfg = Release|Any CPU
		{1FBEE332-6ECD-49A0-8ABA-030404E91450}.Release|x64.Build.0 = Release|Any CPU
		{1FBEE332-6ECD-49A0-8ABA-030404E91450}.Release|x86.ActiveCfg = Release|Any CPU
		{1FBEE332-6ECD-49A0-8ABA-030404E91450}.Release|x86.Build.0 = Release|Any CPU
		{8595415D-AC25-4DA9-9B1E-A6A9CD9203F4}.Debug|Any CPU.ActiveCfg = Debug|Any CPU
		{8595415D-AC25-4DA9-9B1E-A6A9CD9203F4}.Debug|Any CPU.Build.0 = Debug|Any CPU
		{8595415D-AC25-4DA9-9B1E-A6A9CD9203F4}.Debug|x64.ActiveCfg = Debug|Any CPU
		{8595415D-AC25-4DA9-9B1E-A6A9CD9203F4}.Debug|x64.Build.0 = Debug|Any CPU
		{8595415D-AC25-4DA9-9B1E-A6A9CD9203F4}.Debug|x86.ActiveCfg = Debug|Any CPU
		{8595415D-AC25-4DA9-9B1E-A6A9CD9203F4}.Debug|x86.Build.0 = Debug|Any CPU
		{8595415D-AC25-4DA9-9B1E-A6A9CD9203F4}.Release|Any CPU.ActiveCfg = Release|Any CPU
		{8595415D-AC25-4DA9-9B1E-A6A9CD9203F4}.Release|Any CPU.Build.0 = Release|Any CPU
		{8595415D-AC25-4DA9-9B1E-A6A9CD9203F4}.Release|x64.ActiveCfg = Release|Any CPU
		{8595415D-AC25-4DA9-9B1E-A6A9CD9203F4}.Release|x64.Build.0 = Release|Any CPU
		{8595415D-AC25-4DA9-9B1E-A6A9CD9203F4}.Release|x86.ActiveCfg = Release|Any CPU
		{8595415D-AC25-4DA9-9B1E-A6A9CD9203F4}.Release|x86.Build.0 = Release|Any CPU
		{638BB7AF-FD87-4257-8148-E9CE1AF731EE}.Debug|Any CPU.ActiveCfg = Debug|Any CPU
		{638BB7AF-FD87-4257-8148-E9CE1AF731EE}.Debug|Any CPU.Build.0 = Debug|Any CPU
		{638BB7AF-FD87-4257-8148-E9CE1AF731EE}.Debug|x64.ActiveCfg = Debug|Any CPU
		{638BB7AF-FD87-4257-8148-E9CE1AF731EE}.Debug|x64.Build.0 = Debug|Any CPU
		{638BB7AF-FD87-4257-8148-E9CE1AF731EE}.Debug|x86.ActiveCfg = Debug|Any CPU
		{638BB7AF-FD87-4257-8148-E9CE1AF731EE}.Debug|x86.Build.0 = Debug|Any CPU
		{638BB7AF-FD87-4257-8148-E9CE1AF731EE}.Release|Any CPU.ActiveCfg = Release|Any CPU
		{638BB7AF-FD87-4257-8148-E9CE1AF731EE}.Release|Any CPU.Build.0 = Release|Any CPU
		{638BB7AF-FD87-4257-8148-E9CE1AF731EE}.Release|x64.ActiveCfg = Release|Any CPU
		{638BB7AF-FD87-4257-8148-E9CE1AF731EE}.Release|x64.Build.0 = Release|Any CPU
		{638BB7AF-FD87-4257-8148-E9CE1AF731EE}.Release|x86.ActiveCfg = Release|Any CPU
		{638BB7AF-FD87-4257-8148-E9CE1AF731EE}.Release|x86.Build.0 = Release|Any CPU
		{BE692FC7-A0D5-475E-93E6-CEAEFCEA01D6}.Debug|Any CPU.ActiveCfg = Debug|Any CPU
		{BE692FC7-A0D5-475E-93E6-CEAEFCEA01D6}.Debug|Any CPU.Build.0 = Debug|Any CPU
		{BE692FC7-A0D5-475E-93E6-CEAEFCEA01D6}.Debug|x64.ActiveCfg = Debug|Any CPU
		{BE692FC7-A0D5-475E-93E6-CEAEFCEA01D6}.Debug|x64.Build.0 = Debug|Any CPU
		{BE692FC7-A0D5-475E-93E6-CEAEFCEA01D6}.Debug|x86.ActiveCfg = Debug|Any CPU
		{BE692FC7-A0D5-475E-93E6-CEAEFCEA01D6}.Debug|x86.Build.0 = Debug|Any CPU
		{BE692FC7-A0D5-475E-93E6-CEAEFCEA01D6}.Release|Any CPU.ActiveCfg = Release|Any CPU
		{BE692FC7-A0D5-475E-93E6-CEAEFCEA01D6}.Release|Any CPU.Build.0 = Release|Any CPU
		{BE692FC7-A0D5-475E-93E6-CEAEFCEA01D6}.Release|x64.ActiveCfg = Release|Any CPU
		{BE692FC7-A0D5-475E-93E6-CEAEFCEA01D6}.Release|x64.Build.0 = Release|Any CPU
		{BE692FC7-A0D5-475E-93E6-CEAEFCEA01D6}.Release|x86.ActiveCfg = Release|Any CPU
		{BE692FC7-A0D5-475E-93E6-CEAEFCEA01D6}.Release|x86.Build.0 = Release|Any CPU
		{FB84B6D4-244F-44E3-A455-D2FF3BD70541}.Debug|Any CPU.ActiveCfg = Debug|Any CPU
		{FB84B6D4-244F-44E3-A455-D2FF3BD70541}.Debug|Any CPU.Build.0 = Debug|Any CPU
		{FB84B6D4-244F-44E3-A455-D2FF3BD70541}.Debug|x64.ActiveCfg = Debug|Any CPU
		{FB84B6D4-244F-44E3-A455-D2FF3BD70541}.Debug|x64.Build.0 = Debug|Any CPU
		{FB84B6D4-244F-44E3-A455-D2FF3BD70541}.Debug|x86.ActiveCfg = Debug|Any CPU
		{FB84B6D4-244F-44E3-A455-D2FF3BD70541}.Debug|x86.Build.0 = Debug|Any CPU
		{FB84B6D4-244F-44E3-A455-D2FF3BD70541}.Release|Any CPU.ActiveCfg = Release|Any CPU
		{FB84B6D4-244F-44E3-A455-D2FF3BD70541}.Release|Any CPU.Build.0 = Release|Any CPU
		{FB84B6D4-244F-44E3-A455-D2FF3BD70541}.Release|x64.ActiveCfg = Release|Any CPU
		{FB84B6D4-244F-44E3-A455-D2FF3BD70541}.Release|x64.Build.0 = Release|Any CPU
		{FB84B6D4-244F-44E3-A455-D2FF3BD70541}.Release|x86.ActiveCfg = Release|Any CPU
		{FB84B6D4-244F-44E3-A455-D2FF3BD70541}.Release|x86.Build.0 = Release|Any CPU
		{453A92D0-C292-4052-B223-03527230636B}.Debug|Any CPU.ActiveCfg = Debug|Any CPU
		{453A92D0-C292-4052-B223-03527230636B}.Debug|Any CPU.Build.0 = Debug|Any CPU
		{453A92D0-C292-4052-B223-03527230636B}.Debug|x64.ActiveCfg = Debug|Any CPU
		{453A92D0-C292-4052-B223-03527230636B}.Debug|x64.Build.0 = Debug|Any CPU
		{453A92D0-C292-4052-B223-03527230636B}.Debug|x86.ActiveCfg = Debug|Any CPU
		{453A92D0-C292-4052-B223-03527230636B}.Debug|x86.Build.0 = Debug|Any CPU
		{453A92D0-C292-4052-B223-03527230636B}.Release|Any CPU.ActiveCfg = Release|Any CPU
		{453A92D0-C292-4052-B223-03527230636B}.Release|Any CPU.Build.0 = Release|Any CPU
		{453A92D0-C292-4052-B223-03527230636B}.Release|x64.ActiveCfg = Release|Any CPU
		{453A92D0-C292-4052-B223-03527230636B}.Release|x64.Build.0 = Release|Any CPU
		{453A92D0-C292-4052-B223-03527230636B}.Release|x86.ActiveCfg = Release|Any CPU
		{453A92D0-C292-4052-B223-03527230636B}.Release|x86.Build.0 = Release|Any CPU
		{78DCF74F-0013-4FB5-973D-D365245BCC3D}.Debug|Any CPU.ActiveCfg = Debug|Any CPU
		{78DCF74F-0013-4FB5-973D-D365245BCC3D}.Debug|Any CPU.Build.0 = Debug|Any CPU
		{78DCF74F-0013-4FB5-973D-D365245BCC3D}.Debug|x64.ActiveCfg = Debug|Any CPU
		{78DCF74F-0013-4FB5-973D-D365245BCC3D}.Debug|x64.Build.0 = Debug|Any CPU
		{78DCF74F-0013-4FB5-973D-D365245BCC3D}.Debug|x86.ActiveCfg = Debug|Any CPU
		{78DCF74F-0013-4FB5-973D-D365245BCC3D}.Debug|x86.Build.0 = Debug|Any CPU
		{78DCF74F-0013-4FB5-973D-D365245BCC3D}.Release|Any CPU.ActiveCfg = Release|Any CPU
		{78DCF74F-0013-4FB5-973D-D365245BCC3D}.Release|Any CPU.Build.0 = Release|Any CPU
		{78DCF74F-0013-4FB5-973D-D365245BCC3D}.Release|x64.ActiveCfg = Release|Any CPU
		{78DCF74F-0013-4FB5-973D-D365245BCC3D}.Release|x64.Build.0 = Release|Any CPU
		{78DCF74F-0013-4FB5-973D-D365245BCC3D}.Release|x86.ActiveCfg = Release|Any CPU
		{78DCF74F-0013-4FB5-973D-D365245BCC3D}.Release|x86.Build.0 = Release|Any CPU
		{CC09189F-84BC-414E-B37E-1A2419DA9EE6}.Debug|Any CPU.ActiveCfg = Debug|Any CPU
		{CC09189F-84BC-414E-B37E-1A2419DA9EE6}.Debug|Any CPU.Build.0 = Debug|Any CPU
		{CC09189F-84BC-414E-B37E-1A2419DA9EE6}.Debug|x64.ActiveCfg = Debug|Any CPU
		{CC09189F-84BC-414E-B37E-1A2419DA9EE6}.Debug|x64.Build.0 = Debug|Any CPU
		{CC09189F-84BC-414E-B37E-1A2419DA9EE6}.Debug|x86.ActiveCfg = Debug|Any CPU
		{CC09189F-84BC-414E-B37E-1A2419DA9EE6}.Debug|x86.Build.0 = Debug|Any CPU
		{CC09189F-84BC-414E-B37E-1A2419DA9EE6}.Release|Any CPU.ActiveCfg = Release|Any CPU
		{CC09189F-84BC-414E-B37E-1A2419DA9EE6}.Release|Any CPU.Build.0 = Release|Any CPU
		{CC09189F-84BC-414E-B37E-1A2419DA9EE6}.Release|x64.ActiveCfg = Release|Any CPU
		{CC09189F-84BC-414E-B37E-1A2419DA9EE6}.Release|x64.Build.0 = Release|Any CPU
		{CC09189F-84BC-414E-B37E-1A2419DA9EE6}.Release|x86.ActiveCfg = Release|Any CPU
		{CC09189F-84BC-414E-B37E-1A2419DA9EE6}.Release|x86.Build.0 = Release|Any CPU
		{3198E5DC-F753-4B3A-9F23-3C5C3DE9EA6B}.Debug|Any CPU.ActiveCfg = Debug|Any CPU
		{3198E5DC-F753-4B3A-9F23-3C5C3DE9EA6B}.Debug|Any CPU.Build.0 = Debug|Any CPU
		{3198E5DC-F753-4B3A-9F23-3C5C3DE9EA6B}.Debug|x64.ActiveCfg = Debug|Any CPU
		{3198E5DC-F753-4B3A-9F23-3C5C3DE9EA6B}.Debug|x64.Build.0 = Debug|Any CPU
		{3198E5DC-F753-4B3A-9F23-3C5C3DE9EA6B}.Debug|x86.ActiveCfg = Debug|Any CPU
		{3198E5DC-F753-4B3A-9F23-3C5C3DE9EA6B}.Debug|x86.Build.0 = Debug|Any CPU
		{3198E5DC-F753-4B3A-9F23-3C5C3DE9EA6B}.Release|Any CPU.ActiveCfg = Release|Any CPU
		{3198E5DC-F753-4B3A-9F23-3C5C3DE9EA6B}.Release|Any CPU.Build.0 = Release|Any CPU
		{3198E5DC-F753-4B3A-9F23-3C5C3DE9EA6B}.Release|x64.ActiveCfg = Release|Any CPU
		{3198E5DC-F753-4B3A-9F23-3C5C3DE9EA6B}.Release|x64.Build.0 = Release|Any CPU
		{3198E5DC-F753-4B3A-9F23-3C5C3DE9EA6B}.Release|x86.ActiveCfg = Release|Any CPU
		{3198E5DC-F753-4B3A-9F23-3C5C3DE9EA6B}.Release|x86.Build.0 = Release|Any CPU
		{821566EA-A293-42E0-A090-D17697E22534}.Debug|Any CPU.ActiveCfg = Debug|Any CPU
		{821566EA-A293-42E0-A090-D17697E22534}.Debug|Any CPU.Build.0 = Debug|Any CPU
		{821566EA-A293-42E0-A090-D17697E22534}.Debug|x64.ActiveCfg = Debug|Any CPU
		{821566EA-A293-42E0-A090-D17697E22534}.Debug|x64.Build.0 = Debug|Any CPU
		{821566EA-A293-42E0-A090-D17697E22534}.Debug|x86.ActiveCfg = Debug|Any CPU
		{821566EA-A293-42E0-A090-D17697E22534}.Debug|x86.Build.0 = Debug|Any CPU
		{821566EA-A293-42E0-A090-D17697E22534}.Release|Any CPU.ActiveCfg = Release|Any CPU
		{821566EA-A293-42E0-A090-D17697E22534}.Release|Any CPU.Build.0 = Release|Any CPU
		{821566EA-A293-42E0-A090-D17697E22534}.Release|x64.ActiveCfg = Release|Any CPU
		{821566EA-A293-42E0-A090-D17697E22534}.Release|x64.Build.0 = Release|Any CPU
		{821566EA-A293-42E0-A090-D17697E22534}.Release|x86.ActiveCfg = Release|Any CPU
		{821566EA-A293-42E0-A090-D17697E22534}.Release|x86.Build.0 = Release|Any CPU
	EndGlobalSection
	GlobalSection(SolutionProperties) = preSolution
		HideSolutionNode = FALSE
	EndGlobalSection
	GlobalSection(NestedProjects) = preSolution
		{3AA99238-0760-F80A-080F-FCC9C2282351} = {A6DA27A7-D0E4-2C50-3B54-78679F91F2C9}
		{BE692FC7-A0D5-475E-93E6-CEAEFCEA01D6} = {3AA99238-0760-F80A-080F-FCC9C2282351}
		{EE603821-5B9B-8DA1-C2B1-456B412E1293} = {A6DA27A7-D0E4-2C50-3B54-78679F91F2C9}
		{638BB7AF-FD87-4257-8148-E9CE1AF731EE} = {EE603821-5B9B-8DA1-C2B1-456B412E1293}
		{C9D4E3B2-A0F5-4E6B-9C8D-2F1A3B4C5D6E} = {B8C3F2A1-9D4E-4F5A-8B7C-1E2F3A4B5C6D}
		{8595415D-AC25-4DA9-9B1E-A6A9CD9203F4} = {C9D4E3B2-A0F5-4E6B-9C8D-2F1A3B4C5D6E}
		{CC09189F-84BC-414E-B37E-1A2419DA9EE6} = {C9D4E3B2-A0F5-4E6B-9C8D-2F1A3B4C5D6E}
		{F1E2D3C4-B5A6-7C8D-9E0F-1A2B3C4D5E6F} = {B8C3F2A1-9D4E-4F5A-8B7C-1E2F3A4B5C6D}
		{070B9191-EAD3-4986-B9E4-805902DE0897} = {F1E2D3C4-B5A6-7C8D-9E0F-1A2B3C4D5E6F}
	EndGlobalSection
EndGlobal
